
Microsoft Visual Studio Solution File, Format Version 12.00
Project("{FAE04EC0-301F-11D3-BF4B-00C04F79EFBC}") = "UserService", "UserService\UserService.csproj", "{86469086-4DE7-420E-9FB1-8FF12E4BF3EF}"
EndProject
Project("{FAE04EC0-301F-11D3-BF4B-00C04F79EFBC}") = "WalletService", "WalletService\WalletService.csproj", "{B05DB879-76B1-4868-A758-4F0D85A37C70}"
EndProject
Global
	GlobalSection(SolutionConfigurationPlatforms) = preSolution
		Debug|Any CPU = Debug|Any CPU
		Release|Any CPU = Release|Any CPU
	EndGlobalSection
	GlobalSection(ProjectConfigurationPlatforms) = postSolution
		{86469086-4DE7-420E-9FB1-8FF12E4BF3EF}.Debug|Any CPU.ActiveCfg = Debug|Any CPU
		{86469086-4DE7-420E-9FB1-8FF12E4BF3EF}.Debug|Any CPU.Build.0 = Debug|Any CPU
		{86469086-4DE7-420E-9FB1-8FF12E4BF3EF}.Release|Any CPU.ActiveCfg = Release|Any CPU
		{86469086-4DE7-420E-9FB1-8FF12E4BF3EF}.Release|Any CPU.Build.0 = Release|Any CPU
		{B05DB879-76B1-4868-A758-4F0D85A37C70}.Debug|Any CPU.ActiveCfg = Debug|Any CPU
		{B05DB879-76B1-4868-A758-4F0D85A37C70}.Debug|Any CPU.Build.0 = Debug|Any CPU
		{B05DB879-76B1-4868-A758-4F0D85A37C70}.Release|Any CPU.ActiveCfg = Release|Any CPU
		{B05DB879-76B1-4868-A758-4F0D85A37C70}.Release|Any CPU.Build.0 = Release|Any CPU
	EndGlobalSection
EndGlobal
